
Microsoft Visual Studio Solution File, Format Version 12.00
# Visual Studio Version 17
VisualStudioVersion = 17.14.36915.13 d17.14
MinimumVisualStudioVersion = 10.0.40219.1
Project("{FAE04EC0-301F-11D3-BF4B-00C04F79EFBC}") = "weterynarz", "weterynarz\weterynarz.csproj", "{4BEFC612-5306-40F1-9AFD-F7A24ACDA336}"
EndProject
Global
	GlobalSection(SolutionConfigurationPlatforms) = preSolution
		Debug|Any CPU = Debug|Any CPU
		Release|Any CPU = Release|Any CPU
	EndGlobalSection
	GlobalSection(ProjectConfigurationPlatforms) = postSolution
		{4BEFC612-5306-40F1-9AFD-F7A24ACDA336}.Debug|Any CPU.ActiveCfg = Debug|Any CPU
		{4BEFC612-5306-40F1-9AFD-F7A24ACDA336}.Debug|Any CPU.Build.0 = Debug|Any CPU
		{4BEFC612-5306-40F1-9AFD-F7A24ACDA336}.Release|Any CPU.ActiveCfg = Release|Any CPU
		{4BEFC612-5306-40F1-9AFD-F7A24ACDA336}.Release|Any CPU.Build.0 = Release|Any CPU
	EndGlobalSection
	GlobalSection(SolutionProperties) = preSolution
		HideSolutionNode = FALSE
	EndGlobalSection
	GlobalSection(ExtensibilityGlobals) = postSolution
		SolutionGuid = {816BB58A-F1F1-4808-ADCA-43AAC9200F3B}
	EndGlobalSection
EndGlobal
